
Microsoft Visual Studio Solution File, Format Version 12.00
# Visual Studio Version 17
VisualStudioVersion = 17.6.33815.320
MinimumVisualStudioVersion = 10.0.40219.1
Project("{FAE04EC0-301F-11D3-BF4B-00C04F79EFBC}") = "Game.Api", "Game.Api\Game.Api.csproj", "{B9E9D0BF-1B4D-4F97-A1CE-51664D4146A9}"
EndProject
Project("{FAE04EC0-301F-11D3-BF4B-00C04F79EFBC}") = "Game.Application", "Game.Application\Game.Application.csproj", "{A15C9861-8641-485D-B18C-A8C8E883D698}"
EndProject
Project("{FAE04EC0-301F-11D3-BF4B-00C04F79EFBC}") = "Game.Infrastructure", "Game.Infrastructure\Game.Infrastructure.csproj", "{3CCEC83B-26C0-4964-B6F3-F83D1377786C}"
EndProject
Project("{FAE04EC0-301F-11D3-BF4B-00C04F79EFBC}") = "Game.Domain", "Game.Domain\Game.Domain.csproj", "{344E3204-B685-4FEE-993B-869459A375EF}"
EndProject
Project("{FAE04EC0-301F-11D3-BF4B-00C04F79EFBC}") = "Game.Contracts", "Game.Contracts\Game.Contracts.csproj", "{376638DE-BC67-43B6-BA02-19D35A09B465}"
EndProject
Global
	GlobalSection(SolutionConfigurationPlatforms) = preSolution
		Debug|Any CPU = Debug|Any CPU
		Release|Any CPU = Release|Any CPU
	EndGlobalSection
	GlobalSection(ProjectConfigurationPlatforms) = postSolution
		{B9E9D0BF-1B4D-4F97-A1CE-51664D4146A9}.Debug|Any CPU.ActiveCfg = Debug|Any CPU
		{B9E9D0BF-1B4D-4F97-A1CE-51664D4146A9}.Debug|Any CPU.Build.0 = Debug|Any CPU
		{B9E9D0BF-1B4D-4F97-A1CE-51664D4146A9}.Release|Any CPU.ActiveCfg = Release|Any CPU
		{B9E9D0BF-1B4D-4F97-A1CE-51664D4146A9}.Release|Any CPU.Build.0 = Release|Any CPU
		{A15C9861-8641-485D-B18C-A8C8E883D698}.Debug|Any CPU.ActiveCfg = Debug|Any CPU
		{A15C9861-8641-485D-B18C-A8C8E883D698}.Debug|Any CPU.Build.0 = Debug|Any CPU
		{A15C9861-8641-485D-B18C-A8C8E883D698}.Release|Any CPU.ActiveCfg = Release|Any CPU
		{A15C9861-8641-485D-B18C-A8C8E883D698}.Release|Any CPU.Build.0 = Release|Any CPU
		{3CCEC83B-26C0-4964-B6F3-F83D1377786C}.Debug|Any CPU.ActiveCfg = Debug|Any CPU
		{3CCEC83B-26C0-4964-B6F3-F83D1377786C}.Debug|Any CPU.Build.0 = Debug|Any CPU
		{3CCEC83B-26C0-4964-B6F3-F83D1377786C}.Release|Any CPU.ActiveCfg = Release|Any CPU
		{3CCEC83B-26C0-4964-B6F3-F83D1377786C}.Release|Any CPU.Build.0 = Release|Any CPU
		{344E3204-B685-4FEE-993B-869459A375EF}.Debug|Any CPU.ActiveCfg = Debug|Any CPU
		{344E3204-B685-4FEE-993B-869459A375EF}.Debug|Any CPU.Build.0 = Debug|Any CPU
		{344E3204-B685-4FEE-993B-869459A375EF}.Release|Any CPU.ActiveCfg = Release|Any CPU
		{344E3204-B685-4FEE-993B-869459A375EF}.Release|Any CPU.Build.0 = Release|Any CPU
		{376638DE-BC67-43B6-BA02-19D35A09B465}.Debug|Any CPU.ActiveCfg = Debug|Any CPU
		{376638DE-BC67-43B6-BA02-19D35A09B465}.Debug|Any CPU.Build.0 = Debug|Any CPU
		{376638DE-BC67-43B6-BA02-19D35A09B465}.Release|Any CPU.ActiveCfg = Release|Any CPU
		{376638DE-BC67-43B6-BA02-19D35A09B465}.Release|Any CPU.Build.0 = Release|Any CPU
	EndGlobalSection
	GlobalSection(SolutionProperties) = preSolution
		HideSolutionNode = FALSE
	EndGlobalSection
	GlobalSection(ExtensibilityGlobals) = postSolution
		SolutionGuid = {2513E16A-61FA-4CA4-9AE2-8BCF98094A76}
	EndGlobalSection
EndGlobal
